{
  "nodes": {
    "flakey-devShells": {
      "inputs": {
        "nixpkgs": [
          "nixpkgs"
        ]
      },
      "locked": {
        "lastModified": 1701507594,
        "narHash": "sha256-cXfJRZ+r6hHCf3y9+OZfTYfll6alKYVbrtTtM8bNeRM=",
        "rev": "cb5943b5904169a3602c0264c84749379008ec27",
        "revCount": 87,
        "type": "tarball",
        "url": "https://api.flakehub.com/f/pinned/GetPsyched/not-so-flakey-devshells/0.2.6/018c29c2-2ae3-7766-ab1a-0fdd9f94b124/source.tar.gz"
      },
      "original": {
        "type": "tarball",
        "url": "https://flakehub.com/f/GetPsyched/not-so-flakey-devshells/0.x.x.tar.gz"
      }
    },
    "nixpkgs": {
      "locked": {
        "lastModified": 1695644571,
        "narHash": "sha256-asS9dCCdlt1lPq0DLwkVBbVoEKuEuz+Zi3DG7pR/RxA=",
        "path": "/nix/store/i6hq63805y784dml4j8pgkrz3lryxzld-source",
        "rev": "6500b4580c2a1f3d0f980d32d285739d8e156d92",
        "type": "path"
      },
      "original": {
        "id": "nixpkgs",
        "type": "indirect"
      }
    },
    "root": {
      "inputs": {
        "flakey-devShells": "flakey-devShells",
        "nixpkgs": "nixpkgs"
      }
    }
  },
  "root": "root",
  "version": 7
}
