{
  "nodes": {
    "go-env": {
      "inputs": {
        "nixpkgs": [
          "nixpkgs"
        ]
      },
      "locked": {
        "narHash": "sha256-j9sQPhgaPI7yuh/IF4RkW/d8Zeps7R2XmwvJsJfsKYQ=",
        "rev": "1d262add89331138edc083d5c68aa6be9e2ffa59",
        "revCount": 32,
        "type": "tarball",
        "url": "https://api.flakehub.com/f/pinned/GetPsyched/go-env/0.1.0/018abbe0-0d2b-72a8-a237-e5c9d4b1d15f/source.tar.gz"
      },
      "original": {
        "type": "tarball",
        "url": "https://flakehub.com/f/GetPsyched/go-env/0.1.0.tar.gz"
      }
    },
    "nixpkgs": {
      "locked": {
        "lastModified": 1694422566,
        "narHash": "sha256-lHJ+A9esOz9vln/3CJG23FV6Wd2OoOFbDeEs4cMGMqc=",
        "path": "/nix/store/zb2695k9v4hmjdki97p0yhd4mys270fs-source",
        "rev": "3a2786eea085f040a66ecde1bc3ddc7099f6dbeb",
        "type": "path"
      },
      "original": {
        "id": "nixpkgs",
        "type": "indirect"
      }
    },
    "root": {
      "inputs": {
        "go-env": "go-env",
        "nixpkgs": "nixpkgs"
      }
    }
  },
  "root": "root",
  "version": 7
}
